// !$*UTF8*$!
{
	archiveVersion = 1;
	classes = {
	};
	objectVersion = 46;
	objects = {

/* Begin PBXBuildFile section */
		05A8B6C2194B1718006366DF /* MVPCStruct.h in Headers */ = {isa = PBXBuildFile; fileRef = 05A8B6C1194B1718006366DF /* MVPCStruct.h */; settings = {ATTRIBUTES = (Public, ); }; };
		05A8B6C8194B1718006366DF /* MVPCStruct.framework in Frameworks */ = {isa = PBXBuildFile; fileRef = 05A8B6BC194B1718006366DF /* MVPCStruct.framework */; };
		05A8B6CF194B1718006366DF /* MVPCStructTests.swift in Sources */ = {isa = PBXBuildFile; fileRef = 05A8B6CE194B1718006366DF /* MVPCStructTests.swift */; };
		05A8B6D9194B1755006366DF /* CStruct.swift in Sources */ = {isa = PBXBuildFile; fileRef = 05A8B6D8194B1755006366DF /* CStruct.swift */; };
/* End PBXBuildFile section */

/* Begin PBXContainerItemProxy section */
		05A8B6C9194B1718006366DF /* PBXContainerItemProxy */ = {
			isa = PBXContainerItemProxy;
			containerPortal = 05A8B6B3194B1718006366DF /* Project object */;
			proxyType = 1;
			remoteGlobalIDString = 05A8B6BB194B1718006366DF;
			remoteInfo = MVPCStruct;
		};
/* End PBXContainerItemProxy section */

/* Begin PBXFileReference section */
		05A8B6BC194B1718006366DF /* MVPCStruct.framework */ = {isa = PBXFileReference; explicitFileType = wrapper.framework; includeInIndex = 0; path = MVPCStruct.framework; sourceTree = BUILT_PRODUCTS_DIR; };
		05A8B6C0194B1718006366DF /* Info.plist */ = {isa = PBXFileReference; lastKnownFileType = text.plist.xml; path = Info.plist; sourceTree = "<group>"; };
		05A8B6C1194B1718006366DF /* MVPCStruct.h */ = {isa = PBXFileReference; lastKnownFileType = sourcecode.c.h; path = MVPCStruct.h; sourceTree = "<group>"; };
		05A8B6C7194B1718006366DF /* MVPCStructTests.xctest */ = {isa = PBXFileReference; explicitFileType = wrapper.cfbundle; includeInIndex = 0; path = MVPCStructTests.xctest; sourceTree = BUILT_PRODUCTS_DIR; };
		05A8B6CD194B1718006366DF /* Info.plist */ = {isa = PBXFileReference; lastKnownFileType = text.plist.xml; path = Info.plist; sourceTree = "<group>"; };
		05A8B6CE194B1718006366DF /* MVPCStructTests.swift */ = {isa = PBXFileReference; lastKnownFileType = sourcecode.swift; path = MVPCStructTests.swift; sourceTree = "<group>"; };
		05A8B6D8194B1755006366DF /* CStruct.swift */ = {isa = PBXFileReference; fileEncoding = 4; lastKnownFileType = sourcecode.swift; path = CStruct.swift; sourceTree = "<group>"; };
/* End PBXFileReference section */

/* Begin PBXFrameworksBuildPhase section */
		05A8B6B8194B1718006366DF /* Frameworks */ = {
			isa = PBXFrameworksBuildPhase;
			buildActionMask = 2147483647;
			files = (
			);
			runOnlyForDeploymentPostprocessing = 0;
		};
		05A8B6C4194B1718006366DF /* Frameworks */ = {
			isa = PBXFrameworksBuildPhase;
			buildActionMask = 2147483647;
			files = (
				05A8B6C8194B1718006366DF /* MVPCStruct.framework in Frameworks */,
			);
			runOnlyForDeploymentPostprocessing = 0;
		};
/* End PBXFrameworksBuildPhase section */

/* Begin PBXGroup section */
		05A8B6B2194B1718006366DF = {
			isa = PBXGroup;
			children = (
				05A8B6BE194B1718006366DF /* MVPCStruct */,
				05A8B6CB194B1718006366DF /* MVPCStructTests */,
				05A8B6BD194B1718006366DF /* Products */,
			);
			sourceTree = "<group>";
		};
		05A8B6BD194B1718006366DF /* Products */ = {
			isa = PBXGroup;
			children = (
				05A8B6BC194B1718006366DF /* MVPCStruct.framework */,
				05A8B6C7194B1718006366DF /* MVPCStructTests.xctest */,
			);
			name = Products;
			sourceTree = "<group>";
		};
		05A8B6BE194B1718006366DF /* MVPCStruct */ = {
			isa = PBXGroup;
			children = (
				05A8B6C1194B1718006366DF /* MVPCStruct.h */,
				05A8B6BF194B1718006366DF /* Supporting Files */,
				05A8B6D8194B1755006366DF /* CStruct.swift */,
			);
			path = MVPCStruct;
			sourceTree = "<group>";
		};
		05A8B6BF194B1718006366DF /* Supporting Files */ = {
			isa = PBXGroup;
			children = (
				05A8B6C0194B1718006366DF /* Info.plist */,
			);
			name = "Supporting Files";
			sourceTree = "<group>";
		};
		05A8B6CB194B1718006366DF /* MVPCStructTests */ = {
			isa = PBXGroup;
			children = (
				05A8B6CE194B1718006366DF /* MVPCStructTests.swift */,
				05A8B6CC194B1718006366DF /* Supporting Files */,
			);
			path = MVPCStructTests;
			sourceTree = "<group>";
		};
		05A8B6CC194B1718006366DF /* Supporting Files */ = {
			isa = PBXGroup;
			children = (
				05A8B6CD194B1718006366DF /* Info.plist */,
			);
			name = "Supporting Files";
			sourceTree = "<group>";
		};
/* End PBXGroup section */

/* Begin PBXHeadersBuildPhase section */
		05A8B6B9194B1718006366DF /* Headers */ = {
			isa = PBXHeadersBuildPhase;
			buildActionMask = 2147483647;
			files = (
				05A8B6C2194B1718006366DF /* MVPCStruct.h in Headers */,
			);
			runOnlyForDeploymentPostprocessing = 0;
		};
/* End PBXHeadersBuildPhase section */

/* Begin PBXNativeTarget section */
		05A8B6BB194B1718006366DF /* MVPCStruct */ = {
			isa = PBXNativeTarget;
			buildConfigurationList = 05A8B6D2194B1718006366DF /* Build configuration list for PBXNativeTarget "MVPCStruct" */;
			buildPhases = (
				05A8B6B7194B1718006366DF /* Sources */,
				05A8B6B8194B1718006366DF /* Frameworks */,
				05A8B6B9194B1718006366DF /* Headers */,
				05A8B6BA194B1718006366DF /* Resources */,
			);
			buildRules = (
			);
			dependencies = (
			);
			name = MVPCStruct;
			productName = MVPCStruct;
			productReference = 05A8B6BC194B1718006366DF /* MVPCStruct.framework */;
			productType = "com.apple.product-type.framework";
		};
		05A8B6C6194B1718006366DF /* MVPCStructTests */ = {
			isa = PBXNativeTarget;
			buildConfigurationList = 05A8B6D5194B1718006366DF /* Build configuration list for PBXNativeTarget "MVPCStructTests" */;
			buildPhases = (
				05A8B6C3194B1718006366DF /* Sources */,
				05A8B6C4194B1718006366DF /* Frameworks */,
				05A8B6C5194B1718006366DF /* Resources */,
			);
			buildRules = (
			);
			dependencies = (
				05A8B6CA194B1718006366DF /* PBXTargetDependency */,
			);
			name = MVPCStructTests;
			productName = MVPCStructTests;
			productReference = 05A8B6C7194B1718006366DF /* MVPCStructTests.xctest */;
			productType = "com.apple.product-type.bundle.unit-test";
		};
/* End PBXNativeTarget section */

/* Begin PBXProject section */
		05A8B6B3194B1718006366DF /* Project object */ = {
			isa = PBXProject;
			attributes = {
				LastUpgradeCheck = 0600;
				ORGANIZATIONNAME = AutoMac;
				TargetAttributes = {
					05A8B6BB194B1718006366DF = {
						CreatedOnToolsVersion = 6.0;
					};
					05A8B6C6194B1718006366DF = {
						CreatedOnToolsVersion = 6.0;
						TestTargetID = 05A8B6BB194B1718006366DF;
					};
				};
			};
			buildConfigurationList = 05A8B6B6194B1718006366DF /* Build configuration list for PBXProject "MVPCStruct" */;
			compatibilityVersion = "Xcode 3.2";
			developmentRegion = English;
			hasScannedForEncodings = 0;
			knownRegions = (
				en,
			);
			mainGroup = 05A8B6B2194B1718006366DF;
			productRefGroup = 05A8B6BD194B1718006366DF /* Products */;
			projectDirPath = "";
			projectRoot = "";
			targets = (
				05A8B6BB194B1718006366DF /* MVPCStruct */,
				05A8B6C6194B1718006366DF /* MVPCStructTests */,
			);
		};
/* End PBXProject section */

/* Begin PBXResourcesBuildPhase section */
		05A8B6BA194B1718006366DF /* Resources */ = {
			isa = PBXResourcesBuildPhase;
			buildActionMask = 2147483647;
			files = (
			);
			runOnlyForDeploymentPostprocessing = 0;
		};
		05A8B6C5194B1718006366DF /* Resources */ = {
			isa = PBXResourcesBuildPhase;
			buildActionMask = 2147483647;
			files = (
			);
			runOnlyForDeploymentPostprocessing = 0;
		};
/* End PBXResourcesBuildPhase section */

/* Begin PBXSourcesBuildPhase section */
		05A8B6B7194B1718006366DF /* Sources */ = {
			isa = PBXSourcesBuildPhase;
			buildActionMask = 2147483647;
			files = (
				05A8B6D9194B1755006366DF /* CStruct.swift in Sources */,
			);
			runOnlyForDeploymentPostprocessing = 0;
		};
		05A8B6C3194B1718006366DF /* Sources */ = {
			isa = PBXSourcesBuildPhase;
			buildActionMask = 2147483647;
			files = (
				05A8B6CF194B1718006366DF /* MVPCStructTests.swift in Sources */,
			);
			runOnlyForDeploymentPostprocessing = 0;
		};
/* End PBXSourcesBuildPhase section */

/* Begin PBXTargetDependency section */
		05A8B6CA194B1718006366DF /* PBXTargetDependency */ = {
			isa = PBXTargetDependency;
			target = 05A8B6BB194B1718006366DF /* MVPCStruct */;
			targetProxy = 05A8B6C9194B1718006366DF /* PBXContainerItemProxy */;
		};
/* End PBXTargetDependency section */

/* Begin XCBuildConfiguration section */
		05A8B6D0194B1718006366DF /* Debug */ = {
			isa = XCBuildConfiguration;
			buildSettings = {
				ALWAYS_SEARCH_USER_PATHS = NO;
				CLANG_CXX_LANGUAGE_STANDARD = "gnu++0x";
				CLANG_CXX_LIBRARY = "libc++";
				CLANG_ENABLE_MODULES = YES;
				CLANG_ENABLE_OBJC_ARC = YES;
				CLANG_WARN_BOOL_CONVERSION = YES;
				CLANG_WARN_CONSTANT_CONVERSION = YES;
				CLANG_WARN_DIRECT_OBJC_ISA_USAGE = YES_ERROR;
				CLANG_WARN_EMPTY_BODY = YES;
				CLANG_WARN_ENUM_CONVERSION = YES;
				CLANG_WARN_INT_CONVERSION = YES;
				CLANG_WARN_OBJC_ROOT_CLASS = YES_ERROR;
				CLANG_WARN_UNREACHABLE_CODE = YES;
				CLANG_WARN__DUPLICATE_METHOD_MATCH = YES;
				COPY_PHASE_STRIP = NO;
				CURRENT_PROJECT_VERSION = 1;
				ENABLE_STRICT_OBJC_MSGSEND = YES;
				GCC_C_LANGUAGE_STANDARD = gnu99;
				GCC_DYNAMIC_NO_PIC = NO;
				GCC_OPTIMIZATION_LEVEL = 0;
				GCC_PREPROCESSOR_DEFINITIONS = (
					"DEBUG=1",
					"$(inherited)",
				);
				GCC_SYMBOLS_PRIVATE_EXTERN = NO;
				GCC_WARN_64_TO_32_BIT_CONVERSION = YES;
				GCC_WARN_ABOUT_RETURN_TYPE = YES_ERROR;
				GCC_WARN_UNDECLARED_SELECTOR = YES;
				GCC_WARN_UNINITIALIZED_AUTOS = YES_AGGRESSIVE;
				GCC_WARN_UNUSED_FUNCTION = YES;
				GCC_WARN_UNUSED_VARIABLE = YES;
				MACOSX_DEPLOYMENT_TARGET = 10.9;
				METAL_ENABLE_DEBUG_INFO = YES;
				ONLY_ACTIVE_ARCH = YES;
				SDKROOT = macosx;
				SWIFT_OPTIMIZATION_LEVEL = "-Onone";
				VERSIONING_SYSTEM = "apple-generic";
				VERSION_INFO_PREFIX = "";
			};
			name = Debug;
		};
		05A8B6D1194B1718006366DF /* Release */ = {
			isa = XCBuildConfiguration;
			buildSettings = {
				ALWAYS_SEARCH_USER_PATHS = NO;
				CLANG_CXX_LANGUAGE_STANDARD = "gnu++0x";
				CLANG_CXX_LIBRARY = "libc++";
				CLANG_ENABLE_MODULES = YES;
				CLANG_ENABLE_OBJC_ARC = YES;
				CLANG_WARN_BOOL_CONVERSION = YES;
				CLANG_WARN_CONSTANT_CONVERSION = YES;
				CLANG_WARN_DIRECT_OBJC_ISA_USAGE = YES_ERROR;
				CLANG_WARN_EMPTY_BODY = YES;
				CLANG_WARN_ENUM_CONVERSION = YES;
				CLANG_WARN_INT_CONVERSION = YES;
				CLANG_WARN_OBJC_ROOT_CLASS = YES_ERROR;
				CLANG_WARN_UNREACHABLE_CODE = YES;
				CLANG_WARN__DUPLICATE_METHOD_MATCH = YES;
				COPY_PHASE_STRIP = YES;
				CURRENT_PROJECT_VERSION = 1;
				DEBUG_INFORMATION_FORMAT = "dwarf-with-dsym";
				ENABLE_NS_ASSERTIONS = NO;
				ENABLE_STRICT_OBJC_MSGSEND = YES;
				GCC_C_LANGUAGE_STANDARD = gnu99;
				GCC_WARN_64_TO_32_BIT_CONVERSION = YES;
				GCC_WARN_ABOUT_RETURN_TYPE = YES_ERROR;
				GCC_WARN_UNDECLARED_SELECTOR = YES;
				GCC_WARN_UNINITIALIZED_AUTOS = YES_AGGRESSIVE;
				GCC_WARN_UNUSED_FUNCTION = YES;
				GCC_WARN_UNUSED_VARIABLE = YES;
				MACOSX_DEPLOYMENT_TARGET = 10.9;
				METAL_ENABLE_DEBUG_INFO = NO;
				SDKROOT = macosx;
				VERSIONING_SYSTEM = "apple-generic";
				VERSION_INFO_PREFIX = "";
			};
			name = Release;
		};
		05A8B6D3194B1718006366DF /* Debug */ = {
			isa = XCBuildConfiguration;
			buildSettings = {
				CLANG_ENABLE_MODULES = YES;
				COMBINE_HIDPI_IMAGES = YES;
				DEFINES_MODULE = YES;
				DYLIB_COMPATIBILITY_VERSION = 1;
				DYLIB_CURRENT_VERSION = 1;
				DYLIB_INSTALL_NAME_BASE = "@rpath";
				FRAMEWORK_VERSION = A;
				INFOPLIST_FILE = MVPCStruct/Info.plist;
				INSTALL_PATH = "$(LOCAL_LIBRARY_DIR)/Frameworks";
				LD_RUNPATH_SEARCH_PATHS = "$(inherited) @executable_path/../Frameworks @loader_path/../Frameworks";
				PRODUCT_NAME = "$(TARGET_NAME)";
				SKIP_INSTALL = YES;
				SWIFT_OPTIMIZATION_LEVEL = "-Onone";
			};
			name = Debug;
		};
		05A8B6D4194B1718006366DF /* Release */ = {
			isa = XCBuildConfiguration;
			buildSettings = {
				CLANG_ENABLE_MODULES = YES;
				COMBINE_HIDPI_IMAGES = YES;
				DEFINES_MODULE = YES;
				DYLIB_COMPATIBILITY_VERSION = 1;
				DYLIB_CURRENT_VERSION = 1;
				DYLIB_INSTALL_NAME_BASE = "@rpath";
				FRAMEWORK_VERSION = A;
				INFOPLIST_FILE = MVPCStruct/Info.plist;
				INSTALL_PATH = "$(LOCAL_LIBRARY_DIR)/Frameworks";
				LD_RUNPATH_SEARCH_PATHS = "$(inherited) @executable_path/../Frameworks @loader_path/../Frameworks";
				PRODUCT_NAME = "$(TARGET_NAME)";
				SKIP_INSTALL = YES;
			};
			name = Release;
		};
		05A8B6D6194B1718006366DF /* Debug */ = {
			isa = XCBuildConfiguration;
			buildSettings = {
				COMBINE_HIDPI_IMAGES = YES;
				FRAMEWORK_SEARCH_PATHS = (
					"$(DEVELOPER_FRAMEWORKS_DIR)",
					"$(inherited)",
				);
				GCC_PREPROCESSOR_DEFINITIONS = (
					"DEBUG=1",
					"$(inherited)",
				);
				INFOPLIST_FILE = MVPCStructTests/Info.plist;
				LD_RUNPATH_SEARCH_PATHS = "$(inherited) @executable_path/../Frameworks @loader_path/../Frameworks";
				METAL_ENABLE_DEBUG_INFO = YES;
				PRODUCT_NAME = "$(TARGET_NAME)";
			};
			name = Debug;
		};
		05A8B6D7194B1718006366DF /* Release */ = {
			isa = XCBuildConfiguration;
			buildSettings = {
				COMBINE_HIDPI_IMAGES = YES;
				FRAMEWORK_SEARCH_PATHS = (
					"$(DEVELOPER_FRAMEWORKS_DIR)",
					"$(inherited)",
				);
				INFOPLIST_FILE = MVPCStructTests/Info.plist;
				LD_RUNPATH_SEARCH_PATHS = "$(inherited) @executable_path/../Frameworks @loader_path/../Frameworks";
				METAL_ENABLE_DEBUG_INFO = NO;
				PRODUCT_NAME = "$(TARGET_NAME)";
			};
			name = Release;
		};
/* End XCBuildConfiguration section */

/* Begin XCConfigurationList section */
		05A8B6B6194B1718006366DF /* Build configuration list for PBXProject "MVPCStruct" */ = {
			isa = XCConfigurationList;
			buildConfigurations = (
				05A8B6D0194B1718006366DF /* Debug */,
				05A8B6D1194B1718006366DF /* Release */,
			);
			defaultConfigurationIsVisible = 0;
			defaultConfigurationName = Release;
		};
		05A8B6D2194B1718006366DF /* Build configuration list for PBXNativeTarget "MVPCStruct" */ = {
			isa = XCConfigurationList;
			buildConfigurations = (
				05A8B6D3194B1718006366DF /* Debug */,
				05A8B6D4194B1718006366DF /* Release */,
			);
			defaultConfigurationIsVisible = 0;
		};
		05A8B6D5194B1718006366DF /* Build configuration list for PBXNativeTarget "MVPCStructTests" */ = {
			isa = XCConfigurationList;
			buildConfigurations = (
				05A8B6D6194B1718006366DF /* Debug */,
				05A8B6D7194B1718006366DF /* Release */,
			);
			defaultConfigurationIsVisible = 0;
		};
/* End XCConfigurationList section */
	};
	rootObject = 05A8B6B3194B1718006366DF /* Project object */;
}
